
Microsoft Visual Studio Solution File, Format Version 12.00
# Visual Studio 14
VisualStudioVersion = 14.0.23107.0
MinimumVisualStudioVersion = 10.0.40219.1
Project("{FAE04EC0-301F-11D3-BF4B-00C04F79EFBC}") = "Task1", "Task1\Task1.csproj", "{1998A9B6-5435-4CCE-BD8B-AA2F80418848}"
EndProject
Project("{FAE04EC0-301F-11D3-BF4B-00C04F79EFBC}") = "Task2", "Task2\Task2.csproj", "{6FEC1B38-A144-4762-8216-41B59CFAF7D3}"
EndProject
Project("{FAE04EC0-301F-11D3-BF4B-00C04F79EFBC}") = "Task1.NUnit.Tests", "Task1.NUnit.Tests\Task1.NUnit.Tests.csproj", "{B3DD598E-ED77-44D8-A7A8-FC5250E50889}"
EndProject
Project("{FAE04EC0-301F-11D3-BF4B-00C04F79EFBC}") = "ConsoleUI", "ConsoleUI\ConsoleUI.csproj", "{8C31E378-30B8-4E32-BB1B-4C467786F420}"
EndProject
Project("{FAE04EC0-301F-11D3-BF4B-00C04F79EFBC}") = "Task2.NUnit.Tests", "Task2.NUnit.Tests\Task2.NUnit.Tests.csproj", "{83DEAB31-8719-410A-B88F-A366C4622594}"
EndProject
Global
	GlobalSection(SolutionConfigurationPlatforms) = preSolution
		Debug|Any CPU = Debug|Any CPU
		Release|Any CPU = Release|Any CPU
	EndGlobalSection
	GlobalSection(ProjectConfigurationPlatforms) = postSolution
		{1998A9B6-5435-4CCE-BD8B-AA2F80418848}.Debug|Any CPU.ActiveCfg = Debug|Any CPU
		{1998A9B6-5435-4CCE-BD8B-AA2F80418848}.Debug|Any CPU.Build.0 = Debug|Any CPU
		{1998A9B6-5435-4CCE-BD8B-AA2F80418848}.Release|Any CPU.ActiveCfg = Release|Any CPU
		{1998A9B6-5435-4CCE-BD8B-AA2F80418848}.Release|Any CPU.Build.0 = Release|Any CPU
		{6FEC1B38-A144-4762-8216-41B59CFAF7D3}.Debug|Any CPU.ActiveCfg = Debug|Any CPU
		{6FEC1B38-A144-4762-8216-41B59CFAF7D3}.Debug|Any CPU.Build.0 = Debug|Any CPU
		{6FEC1B38-A144-4762-8216-41B59CFAF7D3}.Release|Any CPU.ActiveCfg = Release|Any CPU
		{6FEC1B38-A144-4762-8216-41B59CFAF7D3}.Release|Any CPU.Build.0 = Release|Any CPU
		{B3DD598E-ED77-44D8-A7A8-FC5250E50889}.Debug|Any CPU.ActiveCfg = Debug|Any CPU
		{B3DD598E-ED77-44D8-A7A8-FC5250E50889}.Debug|Any CPU.Build.0 = Debug|Any CPU
		{B3DD598E-ED77-44D8-A7A8-FC5250E50889}.Release|Any CPU.ActiveCfg = Release|Any CPU
		{B3DD598E-ED77-44D8-A7A8-FC5250E50889}.Release|Any CPU.Build.0 = Release|Any CPU
		{8C31E378-30B8-4E32-BB1B-4C467786F420}.Debug|Any CPU.ActiveCfg = Debug|Any CPU
		{8C31E378-30B8-4E32-BB1B-4C467786F420}.Debug|Any CPU.Build.0 = Debug|Any CPU
		{8C31E378-30B8-4E32-BB1B-4C467786F420}.Release|Any CPU.ActiveCfg = Release|Any CPU
		{8C31E378-30B8-4E32-BB1B-4C467786F420}.Release|Any CPU.Build.0 = Release|Any CPU
		{83DEAB31-8719-410A-B88F-A366C4622594}.Debug|Any CPU.ActiveCfg = Debug|Any CPU
		{83DEAB31-8719-410A-B88F-A366C4622594}.Debug|Any CPU.Build.0 = Debug|Any CPU
		{83DEAB31-8719-410A-B88F-A366C4622594}.Release|Any CPU.ActiveCfg = Release|Any CPU
		{83DEAB31-8719-410A-B88F-A366C4622594}.Release|Any CPU.Build.0 = Release|Any CPU
	EndGlobalSection
	GlobalSection(SolutionProperties) = preSolution
		HideSolutionNode = FALSE
	EndGlobalSection
EndGlobal
